
Microsoft Visual Studio Solution File, Format Version 12.00
# Visual Studio 14
VisualStudioVersion = 14.0.24720.0
MinimumVisualStudioVersion = 10.0.40219.1
Project("{FAE04EC0-301F-11D3-BF4B-00C04F79EFBC}") = "BasicActivities", "BasicActivities\BasicActivities.csproj", "{BCC3BED6-F4CF-45C8-81BF-0166D0698535}"
EndProject
Project("{FAE04EC0-301F-11D3-BF4B-00C04F79EFBC}") = "BasicTests", "BasicTests\BasicTests.csproj", "{C94ACF69-4BFC-485B-A24E-FA9EE7497C37}"
EndProject
Project("{FAE04EC0-301F-11D3-BF4B-00C04F79EFBC}") = "BasicWorkflows", "BasicWorkflows\BasicWorkflows.csproj", "{DA3060CB-F4AF-48D8-9B29-E43E3F8F4F1F}"
EndProject
Global
	GlobalSection(SolutionConfigurationPlatforms) = preSolution
		Debug|Any CPU = Debug|Any CPU
		Release|Any CPU = Release|Any CPU
	EndGlobalSection
	GlobalSection(ProjectConfigurationPlatforms) = postSolution
		{BCC3BED6-F4CF-45C8-81BF-0166D0698535}.Debug|Any CPU.ActiveCfg = Debug|Any CPU
		{BCC3BED6-F4CF-45C8-81BF-0166D0698535}.Debug|Any CPU.Build.0 = Debug|Any CPU
		{BCC3BED6-F4CF-45C8-81BF-0166D0698535}.Release|Any CPU.ActiveCfg = Release|Any CPU
		{BCC3BED6-F4CF-45C8-81BF-0166D0698535}.Release|Any CPU.Build.0 = Release|Any CPU
		{C94ACF69-4BFC-485B-A24E-FA9EE7497C37}.Debug|Any CPU.ActiveCfg = Debug|Any CPU
		{C94ACF69-4BFC-485B-A24E-FA9EE7497C37}.Debug|Any CPU.Build.0 = Debug|Any CPU
		{C94ACF69-4BFC-485B-A24E-FA9EE7497C37}.Release|Any CPU.ActiveCfg = Release|Any CPU
		{C94ACF69-4BFC-485B-A24E-FA9EE7497C37}.Release|Any CPU.Build.0 = Release|Any CPU
		{DA3060CB-F4AF-48D8-9B29-E43E3F8F4F1F}.Debug|Any CPU.ActiveCfg = Debug|Any CPU
		{DA3060CB-F4AF-48D8-9B29-E43E3F8F4F1F}.Debug|Any CPU.Build.0 = Debug|Any CPU
		{DA3060CB-F4AF-48D8-9B29-E43E3F8F4F1F}.Release|Any CPU.ActiveCfg = Release|Any CPU
		{DA3060CB-F4AF-48D8-9B29-E43E3F8F4F1F}.Release|Any CPU.Build.0 = Release|Any CPU
	EndGlobalSection
	GlobalSection(SolutionProperties) = preSolution
		HideSolutionNode = FALSE
	EndGlobalSection
EndGlobal
