
Microsoft Visual Studio Solution File, Format Version 12.00
# Visual Studio 14
VisualStudioVersion = 14.0.24720.0
MinimumVisualStudioVersion = 10.0.40219.1
Project("{FAE04EC0-301F-11D3-BF4B-00C04F79EFBC}") = "BasicActivities", "BasicActivities\BasicActivities.csproj", "{BCC3BED6-F4CF-45C8-81BF-0166D0698535}"
EndProject
Project("{FAE04EC0-301F-11D3-BF4B-00C04F79EFBC}") = "BasicTests", "BasicTests\BasicTests.csproj", "{C94ACF69-4BFC-485B-A24E-FA9EE7497C37}"
EndProject
Project("{FAE04EC0-301F-11D3-BF4B-00C04F79EFBC}") = "BasicWorkflows", "BasicWorkflows\BasicWorkflows.csproj", "{DA3060CB-F4AF-48D8-9B29-E43E3F8F4F1F}"
EndProject
Project("{FAE04EC0-301F-11D3-BF4B-00C04F79EFBC}") = "BasicWFService", "BasicWFService\BasicWFService.csproj", "{C5D162D3-F4A0-47EA-820D-3CD0E38B7B2A}"
EndProject
Project("{FAE04EC0-301F-11D3-BF4B-00C04F79EFBC}") = "BasicWFServiceClientApi", "BasicWFServiceClientApi\BasicWFServiceClientApi.csproj", "{47BB1785-7A1E-474A-8221-BCECC7CCA964}"
EndProject
Project("{FAE04EC0-301F-11D3-BF4B-00C04F79EFBC}") = "IntegrationTests", "IntegrationTests\IntegrationTests.csproj", "{45632662-B8E8-4932-A471-0CAD1A0880F0}"
EndProject
Project("{2150E333-8FDC-42A3-9474-1A3956D46DE8}") = "Tests", "Tests", "{4C717E38-EDFB-4C8F-8149-770DBDB561A2}"
EndProject
Global
	GlobalSection(SolutionConfigurationPlatforms) = preSolution
		Debug|Any CPU = Debug|Any CPU
		Release|Any CPU = Release|Any CPU
	EndGlobalSection
	GlobalSection(ProjectConfigurationPlatforms) = postSolution
		{BCC3BED6-F4CF-45C8-81BF-0166D0698535}.Debug|Any CPU.ActiveCfg = Debug|Any CPU
		{BCC3BED6-F4CF-45C8-81BF-0166D0698535}.Debug|Any CPU.Build.0 = Debug|Any CPU
		{BCC3BED6-F4CF-45C8-81BF-0166D0698535}.Release|Any CPU.ActiveCfg = Release|Any CPU
		{BCC3BED6-F4CF-45C8-81BF-0166D0698535}.Release|Any CPU.Build.0 = Release|Any CPU
		{C94ACF69-4BFC-485B-A24E-FA9EE7497C37}.Debug|Any CPU.ActiveCfg = Debug|Any CPU
		{C94ACF69-4BFC-485B-A24E-FA9EE7497C37}.Debug|Any CPU.Build.0 = Debug|Any CPU
		{C94ACF69-4BFC-485B-A24E-FA9EE7497C37}.Release|Any CPU.ActiveCfg = Release|Any CPU
		{C94ACF69-4BFC-485B-A24E-FA9EE7497C37}.Release|Any CPU.Build.0 = Release|Any CPU
		{DA3060CB-F4AF-48D8-9B29-E43E3F8F4F1F}.Debug|Any CPU.ActiveCfg = Debug|Any CPU
		{DA3060CB-F4AF-48D8-9B29-E43E3F8F4F1F}.Debug|Any CPU.Build.0 = Debug|Any CPU
		{DA3060CB-F4AF-48D8-9B29-E43E3F8F4F1F}.Release|Any CPU.ActiveCfg = Release|Any CPU
		{DA3060CB-F4AF-48D8-9B29-E43E3F8F4F1F}.Release|Any CPU.Build.0 = Release|Any CPU
		{C5D162D3-F4A0-47EA-820D-3CD0E38B7B2A}.Debug|Any CPU.ActiveCfg = Debug|Any CPU
		{C5D162D3-F4A0-47EA-820D-3CD0E38B7B2A}.Debug|Any CPU.Build.0 = Debug|Any CPU
		{C5D162D3-F4A0-47EA-820D-3CD0E38B7B2A}.Release|Any CPU.ActiveCfg = Release|Any CPU
		{C5D162D3-F4A0-47EA-820D-3CD0E38B7B2A}.Release|Any CPU.Build.0 = Release|Any CPU
		{47BB1785-7A1E-474A-8221-BCECC7CCA964}.Debug|Any CPU.ActiveCfg = Debug|Any CPU
		{47BB1785-7A1E-474A-8221-BCECC7CCA964}.Debug|Any CPU.Build.0 = Debug|Any CPU
		{47BB1785-7A1E-474A-8221-BCECC7CCA964}.Release|Any CPU.ActiveCfg = Release|Any CPU
		{47BB1785-7A1E-474A-8221-BCECC7CCA964}.Release|Any CPU.Build.0 = Release|Any CPU
		{45632662-B8E8-4932-A471-0CAD1A0880F0}.Debug|Any CPU.ActiveCfg = Debug|Any CPU
		{45632662-B8E8-4932-A471-0CAD1A0880F0}.Debug|Any CPU.Build.0 = Debug|Any CPU
		{45632662-B8E8-4932-A471-0CAD1A0880F0}.Release|Any CPU.ActiveCfg = Release|Any CPU
		{45632662-B8E8-4932-A471-0CAD1A0880F0}.Release|Any CPU.Build.0 = Release|Any CPU
	EndGlobalSection
	GlobalSection(SolutionProperties) = preSolution
		HideSolutionNode = FALSE
	EndGlobalSection
	GlobalSection(NestedProjects) = preSolution
		{C94ACF69-4BFC-485B-A24E-FA9EE7497C37} = {4C717E38-EDFB-4C8F-8149-770DBDB561A2}
		{45632662-B8E8-4932-A471-0CAD1A0880F0} = {4C717E38-EDFB-4C8F-8149-770DBDB561A2}
	EndGlobalSection
EndGlobal
